// !$*UTF8*$!
{
	archiveVersion = 1;
	classes = {
	};
	objectVersion = 50;
	objects = {

/* Begin PBXBuildFile section */
		D7A68EB02369E8320079EDD4 /* AppDelegate.swift in Sources */ = {isa = PBXBuildFile; fileRef = D7A68EAF2369E8320079EDD4 /* AppDelegate.swift */; };
		D7A68EB22369E8320079EDD4 /* ViewController.swift in Sources */ = {isa = PBXBuildFile; fileRef = D7A68EB12369E8320079EDD4 /* ViewController.swift */; };
		D7A68EB52369E8320079EDD4 /* Main.storyboard in Resources */ = {isa = PBXBuildFile; fileRef = D7A68EB32369E8320079EDD4 /* Main.storyboard */; };
		D7A68EB82369E8320079EDD4 /* MillisecondsPicker.xcdatamodeld in Sources */ = {isa = PBXBuildFile; fileRef = D7A68EB62369E8320079EDD4 /* MillisecondsPicker.xcdatamodeld */; };
		D7A68EBA2369E8350079EDD4 /* Assets.xcassets in Resources */ = {isa = PBXBuildFile; fileRef = D7A68EB92369E8350079EDD4 /* Assets.xcassets */; };
		D7A68EBD2369E8350079EDD4 /* LaunchScreen.storyboard in Resources */ = {isa = PBXBuildFile; fileRef = D7A68EBB2369E8350079EDD4 /* LaunchScreen.storyboard */; };
/* End PBXBuildFile section */

/* Begin PBXFileReference section */
		D7A68EAC2369E8320079EDD4 /* MillisecondsPicker.app */ = {isa = PBXFileReference; explicitFileType = wrapper.application; includeInIndex = 0; path = MillisecondsPicker.app; sourceTree = BUILT_PRODUCTS_DIR; };
		D7A68EAF2369E8320079EDD4 /* AppDelegate.swift */ = {isa = PBXFileReference; lastKnownFileType = sourcecode.swift; path = AppDelegate.swift; sourceTree = "<group>"; };
		D7A68EB12369E8320079EDD4 /* ViewController.swift */ = {isa = PBXFileReference; lastKnownFileType = sourcecode.swift; path = ViewController.swift; sourceTree = "<group>"; };
		D7A68EB42369E8320079EDD4 /* Base */ = {isa = PBXFileReference; lastKnownFileType = file.storyboard; name = Base; path = Base.lproj/Main.storyboard; sourceTree = "<group>"; };
		D7A68EB72369E8320079EDD4 /* MillisecondsPicker.xcdatamodel */ = {isa = PBXFileReference; lastKnownFileType = wrapper.xcdatamodel; path = MillisecondsPicker.xcdatamodel; sourceTree = "<group>"; };
		D7A68EB92369E8350079EDD4 /* Assets.xcassets */ = {isa = PBXFileReference; lastKnownFileType = folder.assetcatalog; path = Assets.xcassets; sourceTree = "<group>"; };
		D7A68EBC2369E8350079EDD4 /* Base */ = {isa = PBXFileReference; lastKnownFileType = file.storyboard; name = Base; path = Base.lproj/LaunchScreen.storyboard; sourceTree = "<group>"; };
		D7A68EBE2369E8350079EDD4 /* Info.plist */ = {isa = PBXFileReference; lastKnownFileType = text.plist.xml; path = Info.plist; sourceTree = "<group>"; };
/* End PBXFileReference section */

/* Begin PBXFrameworksBuildPhase section */
		D7A68EA92369E8320079EDD4 /* Frameworks */ = {
			isa = PBXFrameworksBuildPhase;
			buildActionMask = 2147483647;
			files = (
			);
			runOnlyForDeploymentPostprocessing = 0;
		};
/* End PBXFrameworksBuildPhase section */

/* Begin PBXGroup section */
		D7A68EA32369E8320079EDD4 = {
			isa = PBXGroup;
			children = (
				D7A68EAE2369E8320079EDD4 /* MillisecondsPicker */,
				D7A68EAD2369E8320079EDD4 /* Products */,
			);
			sourceTree = "<group>";
		};
		D7A68EAD2369E8320079EDD4 /* Products */ = {
			isa = PBXGroup;
			children = (
				D7A68EAC2369E8320079EDD4 /* MillisecondsPicker.app */,
			);
			name = Products;
			sourceTree = "<group>";
		};
		D7A68EAE2369E8320079EDD4 /* MillisecondsPicker */ = {
			isa = PBXGroup;
			children = (
				D7A68EAF2369E8320079EDD4 /* AppDelegate.swift */,
				D7A68EB12369E8320079EDD4 /* ViewController.swift */,
				D7A68EB32369E8320079EDD4 /* Main.storyboard */,
				D7A68EB92369E8350079EDD4 /* Assets.xcassets */,
				D7A68EBB2369E8350079EDD4 /* LaunchScreen.storyboard */,
				D7A68EBE2369E8350079EDD4 /* Info.plist */,
				D7A68EB62369E8320079EDD4 /* MillisecondsPicker.xcdatamodeld */,
			);
			path = MillisecondsPicker;
			sourceTree = "<group>";
		};
/* End PBXGroup section */

/* Begin PBXNativeTarget section */
		D7A68EAB2369E8320079EDD4 /* MillisecondsPicker */ = {
			isa = PBXNativeTarget;
			buildConfigurationList = D7A68EC12369E8350079EDD4 /* Build configuration list for PBXNativeTarget "MillisecondsPicker" */;
			buildPhases = (
				D7A68EA82369E8320079EDD4 /* Sources */,
				D7A68EA92369E8320079EDD4 /* Frameworks */,
				D7A68EAA2369E8320079EDD4 /* Resources */,
			);
			buildRules = (
			);
			dependencies = (
			);
			name = MillisecondsPicker;
			productName = MillisecondsPicker;
			productReference = D7A68EAC2369E8320079EDD4 /* MillisecondsPicker.app */;
			productType = "com.apple.product-type.application";
		};
/* End PBXNativeTarget section */

/* Begin PBXProject section */
		D7A68EA42369E8320079EDD4 /* Project object */ = {
			isa = PBXProject;
			attributes = {
				LastSwiftUpdateCheck = 1020;
				LastUpgradeCheck = 1020;
				ORGANIZATIONNAME = "Гончаров Денис Васильевич";
				TargetAttributes = {
					D7A68EAB2369E8320079EDD4 = {
						CreatedOnToolsVersion = 10.2.1;
					};
				};
			};
			buildConfigurationList = D7A68EA72369E8320079EDD4 /* Build configuration list for PBXProject "MillisecondsPicker" */;
			compatibilityVersion = "Xcode 9.3";
			developmentRegion = en;
			hasScannedForEncodings = 0;
			knownRegions = (
				en,
				Base,
			);
			mainGroup = D7A68EA32369E8320079EDD4;
			productRefGroup = D7A68EAD2369E8320079EDD4 /* Products */;
			projectDirPath = "";
			projectRoot = "";
			targets = (
				D7A68EAB2369E8320079EDD4 /* MillisecondsPicker */,
			);
		};
/* End PBXProject section */

/* Begin PBXResourcesBuildPhase section */
		D7A68EAA2369E8320079EDD4 /* Resources */ = {
			isa = PBXResourcesBuildPhase;
			buildActionMask = 2147483647;
			files = (
				D7A68EBD2369E8350079EDD4 /* LaunchScreen.storyboard in Resources */,
				D7A68EBA2369E8350079EDD4 /* Assets.xcassets in Resources */,
				D7A68EB52369E8320079EDD4 /* Main.storyboard in Resources */,
			);
			runOnlyForDeploymentPostprocessing = 0;
		};
/* End PBXResourcesBuildPhase section */

/* Begin PBXSourcesBuildPhase section */
		D7A68EA82369E8320079EDD4 /* Sources */ = {
			isa = PBXSourcesBuildPhase;
			buildActionMask = 2147483647;
			files = (
				D7A68EB22369E8320079EDD4 /* ViewController.swift in Sources */,
				D7A68EB02369E8320079EDD4 /* AppDelegate.swift in Sources */,
				D7A68EB82369E8320079EDD4 /* MillisecondsPicker.xcdatamodeld in Sources */,
			);
			runOnlyForDeploymentPostprocessing = 0;
		};
/* End PBXSourcesBuildPhase section */

/* Begin PBXVariantGroup section */
		D7A68EB32369E8320079EDD4 /* Main.storyboard */ = {
			isa = PBXVariantGroup;
			children = (
				D7A68EB42369E8320079EDD4 /* Base */,
			);
			name = Main.storyboard;
			sourceTree = "<group>";
		};
		D7A68EBB2369E8350079EDD4 /* LaunchScreen.storyboard */ = {
			isa = PBXVariantGroup;
			children = (
				D7A68EBC2369E8350079EDD4 /* Base */,
			);
			name = LaunchScreen.storyboard;
			sourceTree = "<group>";
		};
/* End PBXVariantGroup section */

/* Begin XCBuildConfiguration section */
		D7A68EBF2369E8350079EDD4 /* Debug */ = {
			isa = XCBuildConfiguration;
			buildSettings = {
				ALWAYS_SEARCH_USER_PATHS = NO;
				CLANG_ANALYZER_NONNULL = YES;
				CLANG_ANALYZER_NUMBER_OBJECT_CONVERSION = YES_AGGRESSIVE;
				CLANG_CXX_LANGUAGE_STANDARD = "gnu++14";
				CLANG_CXX_LIBRARY = "libc++";
				CLANG_ENABLE_MODULES = YES;
				CLANG_ENABLE_OBJC_ARC = YES;
				CLANG_ENABLE_OBJC_WEAK = YES;
				CLANG_WARN_BLOCK_CAPTURE_AUTORELEASING = YES;
				CLANG_WARN_BOOL_CONVERSION = YES;
				CLANG_WARN_COMMA = YES;
				CLANG_WARN_CONSTANT_CONVERSION = YES;
				CLANG_WARN_DEPRECATED_OBJC_IMPLEMENTATIONS = YES;
				CLANG_WARN_DIRECT_OBJC_ISA_USAGE = YES_ERROR;
				CLANG_WARN_DOCUMENTATION_COMMENTS = YES;
				CLANG_WARN_EMPTY_BODY = YES;
				CLANG_WARN_ENUM_CONVERSION = YES;
				CLANG_WARN_INFINITE_RECURSION = YES;
				CLANG_WARN_INT_CONVERSION = YES;
				CLANG_WARN_NON_LITERAL_NULL_CONVERSION = YES;
				CLANG_WARN_OBJC_IMPLICIT_RETAIN_SELF = YES;
				CLANG_WARN_OBJC_LITERAL_CONVERSION = YES;
				CLANG_WARN_OBJC_ROOT_CLASS = YES_ERROR;
				CLANG_WARN_RANGE_LOOP_ANALYSIS = YES;
				CLANG_WARN_STRICT_PROTOTYPES = YES;
				CLANG_WARN_SUSPICIOUS_MOVE = YES;
				CLANG_WARN_UNGUARDED_AVAILABILITY = YES_AGGRESSIVE;
				CLANG_WARN_UNREACHABLE_CODE = YES;
				CLANG_WARN__DUPLICATE_METHOD_MATCH = YES;
				CODE_SIGN_IDENTITY = "iPhone Developer";
				COPY_PHASE_STRIP = NO;
				DEBUG_INFORMATION_FORMAT = dwarf;
				ENABLE_STRICT_OBJC_MSGSEND = YES;
				ENABLE_TESTABILITY = YES;
				GCC_C_LANGUAGE_STANDARD = gnu11;
				GCC_DYNAMIC_NO_PIC = NO;
				GCC_NO_COMMON_BLOCKS = YES;
				GCC_OPTIMIZATION_LEVEL = 0;
				GCC_PREPROCESSOR_DEFINITIONS = (
					"DEBUG=1",
					"$(inherited)",
				);
				GCC_WARN_64_TO_32_BIT_CONVERSION = YES;
				GCC_WARN_ABOUT_RETURN_TYPE = YES_ERROR;
				GCC_WARN_UNDECLARED_SELECTOR = YES;
				GCC_WARN_UNINITIALIZED_AUTOS = YES_AGGRESSIVE;
				GCC_WARN_UNUSED_FUNCTION = YES;
				GCC_WARN_UNUSED_VARIABLE = YES;
				IPHONEOS_DEPLOYMENT_TARGET = 12.2;
				MTL_ENABLE_DEBUG_INFO = INCLUDE_SOURCE;
				MTL_FAST_MATH = YES;
				ONLY_ACTIVE_ARCH = YES;
				SDKROOT = iphoneos;
				SWIFT_ACTIVE_COMPILATION_CONDITIONS = DEBUG;
				SWIFT_OPTIMIZATION_LEVEL = "-Onone";
			};
			name = Debug;
		};
		D7A68EC02369E8350079EDD4 /* Release */ = {
			isa = XCBuildConfiguration;
			buildSettings = {
				ALWAYS_SEARCH_USER_PATHS = NO;
				CLANG_ANALYZER_NONNULL = YES;
				CLANG_ANALYZER_NUMBER_OBJECT_CONVERSION = YES_AGGRESSIVE;
				CLANG_CXX_LANGUAGE_STANDARD = "gnu++14";
				CLANG_CXX_LIBRARY = "libc++";
				CLANG_ENABLE_MODULES = YES;
				CLANG_ENABLE_OBJC_ARC = YES;
				CLANG_ENABLE_OBJC_WEAK = YES;
				CLANG_WARN_BLOCK_CAPTURE_AUTORELEASING = YES;
				CLANG_WARN_BOOL_CONVERSION = YES;
				CLANG_WARN_COMMA = YES;
				CLANG_WARN_CONSTANT_CONVERSION = YES;
				CLANG_WARN_DEPRECATED_OBJC_IMPLEMENTATIONS = YES;
				CLANG_WARN_DIRECT_OBJC_ISA_USAGE = YES_ERROR;
				CLANG_WARN_DOCUMENTATION_COMMENTS = YES;
				CLANG_WARN_EMPTY_BODY = YES;
				CLANG_WARN_ENUM_CONVERSION = YES;
				CLANG_WARN_INFINITE_RECURSION = YES;
				CLANG_WARN_INT_CONVERSION = YES;
				CLANG_WARN_NON_LITERAL_NULL_CONVERSION = YES;
				CLANG_WARN_OBJC_IMPLICIT_RETAIN_SELF = YES;
				CLANG_WARN_OBJC_LITERAL_CONVERSION = YES;
				CLANG_WARN_OBJC_ROOT_CLASS = YES_ERROR;
				CLANG_WARN_RANGE_LOOP_ANALYSIS = YES;
				CLANG_WARN_STRICT_PROTOTYPES = YES;
				CLANG_WARN_SUSPICIOUS_MOVE = YES;
				CLANG_WARN_UNGUARDED_AVAILABILITY = YES_AGGRESSIVE;
				CLANG_WARN_UNREACHABLE_CODE = YES;
				CLANG_WARN__DUPLICATE_METHOD_MATCH = YES;
				CODE_SIGN_IDENTITY = "iPhone Developer";
				COPY_PHASE_STRIP = NO;
				DEBUG_INFORMATION_FORMAT = "dwarf-with-dsym";
				ENABLE_NS_ASSERTIONS = NO;
				ENABLE_STRICT_OBJC_MSGSEND = YES;
				GCC_C_LANGUAGE_STANDARD = gnu11;
				GCC_NO_COMMON_BLOCKS = YES;
				GCC_WARN_64_TO_32_BIT_CONVERSION = YES;
				GCC_WARN_ABOUT_RETURN_TYPE = YES_ERROR;
				GCC_WARN_UNDECLARED_SELECTOR = YES;
				GCC_WARN_UNINITIALIZED_AUTOS = YES_AGGRESSIVE;
				GCC_WARN_UNUSED_FUNCTION = YES;
				GCC_WARN_UNUSED_VARIABLE = YES;
				IPHONEOS_DEPLOYMENT_TARGET = 12.2;
				MTL_ENABLE_DEBUG_INFO = NO;
				MTL_FAST_MATH = YES;
				SDKROOT = iphoneos;
				SWIFT_COMPILATION_MODE = wholemodule;
				SWIFT_OPTIMIZATION_LEVEL = "-O";
				VALIDATE_PRODUCT = YES;
			};
			name = Release;
		};
		D7A68EC22369E8350079EDD4 /* Debug */ = {
			isa = XCBuildConfiguration;
			buildSettings = {
				ASSETCATALOG_COMPILER_APPICON_NAME = AppIcon;
				CODE_SIGN_STYLE = Automatic;
				DEVELOPMENT_TEAM = 27Q4D7MK33;
				INFOPLIST_FILE = MillisecondsPicker/Info.plist;
				LD_RUNPATH_SEARCH_PATHS = (
					"$(inherited)",
					"@executable_path/Frameworks",
				);
				PRODUCT_BUNDLE_IDENTIFIER = "com.goncharov-dva.MillisecondsPicker";
				PRODUCT_NAME = "$(TARGET_NAME)";
				SWIFT_VERSION = 5.0;
				TARGETED_DEVICE_FAMILY = "1,2";
			};
			name = Debug;
		};
		D7A68EC32369E8350079EDD4 /* Release */ = {
			isa = XCBuildConfiguration;
			buildSettings = {
				ASSETCATALOG_COMPILER_APPICON_NAME = AppIcon;
				CODE_SIGN_STYLE = Automatic;
				DEVELOPMENT_TEAM = 27Q4D7MK33;
				INFOPLIST_FILE = MillisecondsPicker/Info.plist;
				LD_RUNPATH_SEARCH_PATHS = (
					"$(inherited)",
					"@executable_path/Frameworks",
				);
				PRODUCT_BUNDLE_IDENTIFIER = "com.goncharov-dva.MillisecondsPicker";
				PRODUCT_NAME = "$(TARGET_NAME)";
				SWIFT_VERSION = 5.0;
				TARGETED_DEVICE_FAMILY = "1,2";
			};
			name = Release;
		};
/* End XCBuildConfiguration section */

/* Begin XCConfigurationList section */
		D7A68EA72369E8320079EDD4 /* Build configuration list for PBXProject "MillisecondsPicker" */ = {
			isa = XCConfigurationList;
			buildConfigurations = (
				D7A68EBF2369E8350079EDD4 /* Debug */,
				D7A68EC02369E8350079EDD4 /* Release */,
			);
			defaultConfigurationIsVisible = 0;
			defaultConfigurationName = Release;
		};
		D7A68EC12369E8350079EDD4 /* Build configuration list for PBXNativeTarget "MillisecondsPicker" */ = {
			isa = XCConfigurationList;
			buildConfigurations = (
				D7A68EC22369E8350079EDD4 /* Debug */,
				D7A68EC32369E8350079EDD4 /* Release */,
			);
			defaultConfigurationIsVisible = 0;
			defaultConfigurationName = Release;
		};
/* End XCConfigurationList section */

/* Begin XCVersionGroup section */
		D7A68EB62369E8320079EDD4 /* MillisecondsPicker.xcdatamodeld */ = {
			isa = XCVersionGroup;
			children = (
				D7A68EB72369E8320079EDD4 /* MillisecondsPicker.xcdatamodel */,
			);
			currentVersion = D7A68EB72369E8320079EDD4 /* MillisecondsPicker.xcdatamodel */;
			path = MillisecondsPicker.xcdatamodeld;
			sourceTree = "<group>";
			versionGroupType = wrapper.xcdatamodel;
		};
/* End XCVersionGroup section */
	};
	rootObject = D7A68EA42369E8320079EDD4 /* Project object */;
}
